dependencies:
- name: ui
  repository: file://../ui
  version: 1.0.0
- name: post
  repository: file://../post
  version: 1.0.0
- name: comment
  repository: file://../comment
  version: 1.0.0
- name: mongodb
  repository: file://../mongodb
  version: 0.4.18
digest: sha256:8409314111127258f5c67a110cbfbaf410985f6edef65f3d005cd61f141db70e
generated: "2021-03-05T14:31:03.5177064+03:00"
