dependencies:
- name: ui
  repository: file://../ui
  version: 1.0.0
- name: post
  repository: file://../post
  version: 1.0.0
- name: comment
  repository: file://../comment
  version: 1.0.0
- name: mongodb
  repository: https://charts.bitnami.com/bitnami
  version: 10.10.1
digest: sha256:3a7ed2eabf6fad94351aad989acd586f772c2c025704f9dcfb65bcd8f0f26821
generated: "2021-03-09T15:55:43.415837+03:00"
